{
  "name": "hackaThon",
  "version": "1.0.0",
  "lockfileVersion": 1,
  "requires": true,
  "dependencies": {
    "chai": {
      "version": "4.2.0",
      "resolved": "https://registry.npm.taobao.org/chai/download/chai-4.2.0.tgz",
      "dependencies": {
        "assertion-error": {
          "version": "https://registry.npm.taobao.org/assertion-error/download/assertion-error-1.1.0.tgz",
          "bundled": true
        },
        "check-error": {
          "version": "https://registry.npm.taobao.org/check-error/download/check-error-1.0.2.tgz",
          "bundled": true
        },
        "deep-eql": {
          "version": "https://registry.npm.taobao.org/deep-eql/download/deep-eql-3.0.1.tgz",
          "bundled": true
        },
        "get-func-name": {
          "version": "https://registry.npm.taobao.org/get-func-name/download/get-func-name-2.0.0.tgz",
          "bundled": true
        },
        "pathval": {
          "version": "https://registry.npm.taobao.org/pathval/download/pathval-1.1.0.tgz",
          "bundled": true
        },
        "type-detect": {
          "version": "https://registry.npm.taobao.org/type-detect/download/type-detect-4.0.8.tgz",
          "bundled": true
        }
      }
    },
    "chalk": {
      "version": "2.4.2",
      "resolved": "https://registry.npm.taobao.org/chalk/download/chalk-2.4.2.tgz",
      "dependencies": {
        "ansi-styles": {
          "version": "https://registry.npm.taobao.org/ansi-styles/download/ansi-styles-3.2.1.tgz?cache=0&other_urls=https%3A%2F%2Fregistry.npm.taobao.org%2Fansi-styles%2Fdownload%2Fansi-styles-3.2.1.tgz",
          "bundled": true,
          "dependencies": {
            "color-convert": {
              "version": "https://registry.npm.taobao.org/color-convert/download/color-convert-1.9.3.tgz"
            }
          }
        },
        "escape-string-regexp": {
          "version": "https://registry.npm.taobao.org/escape-string-regexp/download/escape-string-regexp-1.0.5.tgz",
          "bundled": true
        },
        "supports-color": {
          "version": "https://registry.npm.taobao.org/supports-color/download/supports-color-5.5.0.tgz",
          "bundled": true
        }
      }
    },
    "diff": {
      "version": "4.0.1",
      "resolved": "https://registry.npm.taobao.org/diff/download/diff-4.0.1.tgz"
    },
    "execa": {
      "version": "1.0.0",
      "resolved": "https://registry.npm.taobao.org/execa/download/execa-1.0.0.tgz",
      "dependencies": {
        "cross-spawn": {
          "version": "https://registry.npm.taobao.org/cross-spawn/download/cross-spawn-6.0.5.tgz",
          "bundled": true
        },
        "get-stream": {
          "version": "https://registry.npm.taobao.org/get-stream/download/get-stream-4.1.0.tgz",
          "bundled": true
        },
        "is-stream": {
          "version": "https://registry.npm.taobao.org/is-stream/download/is-stream-1.1.0.tgz",
          "bundled": true
        },
        "npm-run-path": {
          "version": "https://registry.npm.taobao.org/npm-run-path/download/npm-run-path-2.0.2.tgz",
          "bundled": true
        },
        "p-finally": {
          "version": "https://registry.npm.taobao.org/p-finally/download/p-finally-1.0.0.tgz",
          "bundled": true
        },
        "signal-exit": {
          "version": "https://registry.npm.taobao.org/signal-exit/download/signal-exit-3.0.2.tgz",
          "bundled": true
        },
        "strip-eof": {
          "version": "https://registry.npm.taobao.org/strip-eof/download/strip-eof-1.0.0.tgz",
          "bundled": true
        }
      }
    },
    "graceful-fs": {
      "version": "4.2.2",
      "resolved": "https://registry.npm.taobao.org/graceful-fs/download/graceful-fs-4.2.2.tgz"
    },
    "is-fullwidth-code-point": {
      "version": "2.0.0",
      "resolved": "https://registry.npm.taobao.org/is-fullwidth-code-point/download/is-fullwidth-code-point-2.0.0.tgz"
    },
    "js-tokens": {
      "version": "4.0.0",
      "resolved": "https://registry.npm.taobao.org/js-tokens/download/js-tokens-4.0.0.tgz"
    },
    "jsonfile": {
      "version": "4.0.0",
      "resolved": "https://registry.npm.taobao.org/jsonfile/download/jsonfile-4.0.0.tgz",
      "requires": {
        "graceful-fs": "^4.1.6"
      },
      "dependencies": {
        "graceful-fs": {
          "version": "https://registry.npm.taobao.org/graceful-fs/download/graceful-fs-4.2.2.tgz",
          "bundled": true
        }
      }
    },
    "koa": {
      "version": "2.8.1",
      "resolved": "https://registry.npm.taobao.org/koa/download/koa-2.8.1.tgz?cache=0&sync_timestamp=1566189413541&other_urls=https%3A%2F%2Fregistry.npm.taobao.org%2Fkoa%2Fdownload%2Fkoa-2.8.1.tgz",
      "dependencies": {
        "accepts": {
          "version": "https://registry.npm.taobao.org/accepts/download/accepts-1.3.7.tgz",
          "bundled": true,
          "dependencies": {
            "mime-types": {
              "version": "https://registry.npm.taobao.org/mime-types/download/mime-types-2.1.24.tgz",
              "bundled": true
            },
            "negotiator": {
              "version": "https://registry.npm.taobao.org/negotiator/download/negotiator-0.6.2.tgz",
              "bundled": true
            }
          }
        },
        "cache-content-type": {
          "version": "https://registry.npm.taobao.org/cache-content-type/download/cache-content-type-1.0.1.tgz",
          "bundled": true,
          "dependencies": {
            "mime-types": {
              "version": "https://registry.npm.taobao.org/mime-types/download/mime-types-2.1.24.tgz",
              "bundled": true,
              "dependencies": {
                "mime-db": {
                  "version": "https://registry.npm.taobao.org/mime-db/download/mime-db-1.40.0.tgz"
                }
              }
            },
            "ylru": {
              "version": "https://registry.npm.taobao.org/ylru/download/ylru-1.2.1.tgz",
              "bundled": true
            }
          }
        },
        "content-disposition": {
          "version": "https://registry.npm.taobao.org/content-disposition/download/content-disposition-0.5.3.tgz",
          "bundled": true
        },
        "content-type": {
          "version": "https://registry.npm.taobao.org/content-type/download/content-type-1.0.4.tgz",
          "bundled": true
        },
        "cookies": {
          "version": "https://registry.npm.taobao.org/cookies/download/cookies-0.7.3.tgz",
          "bundled": true
        },
        "debug": {
          "version": "https://registry.npm.taobao.org/debug/download/debug-3.1.0.tgz",
          "bundled": true
        },
        "delegates": {
          "version": "https://registry.npm.taobao.org/delegates/download/delegates-1.0.0.tgz?cache=0&other_urls=https%3A%2F%2Fregistry.npm.taobao.org%2Fdelegates%2Fdownload%2Fdelegates-1.0.0.tgz",
          "bundled": true
        },
        "depd": {
          "version": "https://registry.npm.taobao.org/depd/download/depd-1.1.2.tgz",
          "bundled": true
        },
        "destroy": {
          "version": "https://registry.npm.taobao.org/destroy/download/destroy-1.0.4.tgz",
          "bundled": true
        },
        "error-inject": {
          "version": "https://registry.npm.taobao.org/error-inject/download/error-inject-1.0.0.tgz",
          "bundled": true
        },
        "escape-html": {
          "version": "https://registry.npm.taobao.org/escape-html/download/escape-html-1.0.3.tgz",
          "bundled": true
        },
        "fresh": {
          "version": "https://registry.npm.taobao.org/fresh/download/fresh-0.5.2.tgz",
          "bundled": true
        },
        "http-assert": {
          "version": "https://registry.npm.taobao.org/http-assert/download/http-assert-1.4.1.tgz",
          "bundled": true
        },
        "http-errors": {
          "version": "https://registry.npm.taobao.org/http-errors/download/http-errors-1.7.3.tgz",
          "bundled": true,
          "dependencies": {
            "depd": {
              "version": "https://registry.npm.taobao.org/depd/download/depd-1.1.2.tgz"
            },
            "inherits": {
              "version": "https://registry.npm.taobao.org/inherits/download/inherits-2.0.4.tgz?cache=0&sync_timestamp=1560975547815&other_urls=https%3A%2F%2Fregistry.npm.taobao.org%2Finherits%2Fdownload%2Finherits-2.0.4.tgz"
            },
            "setprototypeof": {
              "version": "https://registry.npm.taobao.org/setprototypeof/download/setprototypeof-1.1.1.tgz?cache=0&sync_timestamp=1563425414995&other_urls=https%3A%2F%2Fregistry.npm.taobao.org%2Fsetprototypeof%2Fdownload%2Fsetprototypeof-1.1.1.tgz"
            },
            "statuses": {
              "version": "https://registry.npm.taobao.org/statuses/download/statuses-1.5.0.tgz"
            },
            "toidentifier": {
              "version": "https://registry.npm.taobao.org/toidentifier/download/toidentifier-1.0.0.tgz"
            }
          }
        },
        "is-generator-function": {
          "version": "https://registry.npm.taobao.org/is-generator-function/download/is-generator-function-1.0.7.tgz?cache=0&other_urls=https%3A%2F%2Fregistry.npm.taobao.org%2Fis-generator-function%2Fdownload%2Fis-generator-function-1.0.7.tgz",
          "bundled": true
        },
        "koa-compose": {
          "version": "https://registry.npm.taobao.org/koa-compose/download/koa-compose-4.1.0.tgz",
          "bundled": true
        },
        "koa-convert": {
          "version": "https://registry.npm.taobao.org/koa-convert/download/koa-convert-1.2.0.tgz?cache=0&other_urls=https%3A%2F%2Fregistry.npm.taobao.org%2Fkoa-convert%2Fdownload%2Fkoa-convert-1.2.0.tgz",
          "bundled": true
        },
        "koa-is-json": {
          "version": "https://registry.npm.taobao.org/koa-is-json/download/koa-is-json-1.0.0.tgz",
          "bundled": true
        },
        "on-finished": {
          "version": "https://registry.npm.taobao.org/on-finished/download/on-finished-2.3.0.tgz",
          "bundled": true
        },
        "only": {
          "version": "https://registry.npm.taobao.org/only/download/only-0.0.2.tgz",
          "bundled": true
        },
        "parseurl": {
          "version": "https://registry.npm.taobao.org/parseurl/download/parseurl-1.3.3.tgz",
          "bundled": true
        },
        "statuses": {
          "version": "https://registry.npm.taobao.org/statuses/download/statuses-1.5.0.tgz",
          "bundled": true
        },
        "type-is": {
          "version": "https://registry.npm.taobao.org/type-is/download/type-is-1.6.18.tgz",
          "bundled": true
        },
        "vary": {
          "version": "https://registry.npm.taobao.org/vary/download/vary-1.1.2.tgz",
          "bundled": true
        }
      }
    },
    "lcid": {
      "version": "2.0.0",
      "resolved": "https://registry.npm.taobao.org/lcid/download/lcid-2.0.0.tgz",
      "dependencies": {
        "invert-kv": {
          "version": "https://registry.npm.taobao.org/invert-kv/download/invert-kv-2.0.0.tgz",
          "bundled": true
        }
      }
    },
    "lodash.isempty": {
      "version": "4.4.0",
      "resolved": "https://registry.npm.taobao.org/lodash.isempty/download/lodash.isempty-4.4.0.tgz?cache=0&other_urls=https%3A%2F%2Fregistry.npm.taobao.org%2Flodash.isempty%2Fdownload%2Flodash.isempty-4.4.0.tgz"
    },
    "lodash.isobject": {
      "version": "3.0.2",
      "resolved": "https://registry.npm.taobao.org/lodash.isobject/download/lodash.isobject-3.0.2.tgz"
    },
    "loose-envify": {
      "version": "1.4.0",
      "resolved": "https://registry.npm.taobao.org/loose-envify/download/loose-envify-1.4.0.tgz",
      "requires": {
        "js-tokens": "^3.0.0 || ^4.0.0"
      },
      "dependencies": {
        "js-tokens": {
          "version": "https://registry.npm.taobao.org/js-tokens/download/js-tokens-4.0.0.tgz",
          "bundled": true
        }
      }
    },
    "map-age-cleaner": {
      "version": "0.1.3",
      "resolved": "https://registry.npm.taobao.org/map-age-cleaner/download/map-age-cleaner-0.1.3.tgz",
      "dependencies": {
        "p-defer": {
          "version": "https://registry.npm.taobao.org/p-defer/download/p-defer-1.0.0.tgz",
          "bundled": true
        }
      }
    },
    "mimic-fn": {
      "version": "2.1.0",
      "resolved": "https://registry.npm.taobao.org/mimic-fn/download/mimic-fn-2.1.0.tgz"
    },
    "mocha": {
      "version": "6.2.0",
      "resolved": "https://registry.npm.taobao.org/mocha/download/mocha-6.2.0.tgz",
      "dependencies": {
        "ansi-colors": {
          "version": "https://registry.npm.taobao.org/ansi-colors/download/ansi-colors-3.2.3.tgz",
          "bundled": true
        },
        "browser-stdout": {
          "version": "https://registry.npm.taobao.org/browser-stdout/download/browser-stdout-1.3.1.tgz",
          "bundled": true
        },
        "debug": {
          "version": "https://registry.npm.taobao.org/debug/download/debug-3.2.6.tgz",
          "bundled": true
        },
        "diff": {
          "version": "https://registry.npm.taobao.org/diff/download/diff-3.5.0.tgz",
          "bundled": true
        },
        "escape-string-regexp": {
          "version": "https://registry.npm.taobao.org/escape-string-regexp/download/escape-string-regexp-1.0.5.tgz",
          "bundled": true
        },
        "find-up": {
          "version": "https://registry.npm.taobao.org/find-up/download/find-up-3.0.0.tgz",
          "bundled": true
        },
        "glob": {
          "version": "https://registry.npm.taobao.org/glob/download/glob-7.1.3.tgz",
          "bundled": true,
          "dependencies": {
            "fs.realpath": {
              "version": "https://registry.npm.taobao.org/fs.realpath/download/fs.realpath-1.0.0.tgz"
            },
            "inflight": {
              "version": "https://registry.npm.taobao.org/inflight/download/inflight-1.0.6.tgz",
              "dependencies": {
                "once": {
                  "version": "https://registry.npm.taobao.org/once/download/once-1.4.0.tgz",
                  "bundled": true
                },
                "wrappy": {
                  "version": "https://registry.npm.taobao.org/wrappy/download/wrappy-1.0.2.tgz",
                  "bundled": true
                }
              }
            },
            "inherits": {
              "version": "https://registry.npm.taobao.org/inherits/download/inherits-2.0.4.tgz?cache=0&sync_timestamp=1560975547815&other_urls=https%3A%2F%2Fregistry.npm.taobao.org%2Finherits%2Fdownload%2Finherits-2.0.4.tgz"
            },
            "minimatch": {
              "version": "https://registry.npm.taobao.org/minimatch/download/minimatch-3.0.4.tgz",
              "dependencies": {
                "brace-expansion": {
                  "version": "https://registry.npm.taobao.org/brace-expansion/download/brace-expansion-1.1.11.tgz",
                  "bundled": true
                }
              }
            },
            "once": {
              "version": "https://registry.npm.taobao.org/once/download/once-1.4.0.tgz",
              "dependencies": {
                "wrappy": {
                  "version": "https://registry.npm.taobao.org/wrappy/download/wrappy-1.0.2.tgz"
                }
              }
            },
            "path-is-absolute": {
              "version": "https://registry.npm.taobao.org/path-is-absolute/download/path-is-absolute-1.0.1.tgz"
            }
          }
        },
        "growl": {
          "version": "https://registry.npm.taobao.org/growl/download/growl-1.10.5.tgz",
          "bundled": true
        },
        "he": {
          "version": "https://registry.npm.taobao.org/he/download/he-1.2.0.tgz",
          "bundled": true
        },
        "js-yaml": {
          "version": "https://registry.npm.taobao.org/js-yaml/download/js-yaml-3.13.1.tgz",
          "bundled": true
        },
        "log-symbols": {
          "version": "https://registry.npm.taobao.org/log-symbols/download/log-symbols-2.2.0.tgz",
          "bundled": true
        },
        "minimatch": {
          "version": "https://registry.npm.taobao.org/minimatch/download/minimatch-3.0.4.tgz",
          "bundled": true,
          "dependencies": {
            "brace-expansion": {
              "version": "https://registry.npm.taobao.org/brace-expansion/download/brace-expansion-1.1.11.tgz",
              "bundled": true
            }
          }
        },
        "mkdirp": {
          "version": "https://registry.npm.taobao.org/mkdirp/download/mkdirp-0.5.1.tgz",
          "bundled": true,
          "dependencies": {
            "minimist": {
              "version": "https://registry.npm.taobao.org/minimist/download/minimist-0.0.8.tgz"
            }
          }
        },
        "ms": {
          "version": "https://registry.npm.taobao.org/ms/download/ms-2.1.1.tgz",
          "bundled": true
        },
        "node-environment-flags": {
          "version": "https://registry.npm.taobao.org/node-environment-flags/download/node-environment-flags-1.0.5.tgz",
          "bundled": true
        },
        "object.assign": {
          "version": "https://registry.npm.taobao.org/object.assign/download/object.assign-4.1.0.tgz",
          "bundled": true
        },
        "strip-json-comments": {
          "version": "https://registry.npm.taobao.org/strip-json-comments/download/strip-json-comments-2.0.1.tgz",
          "bundled": true
        },
        "supports-color": {
          "version": "https://registry.npm.taobao.org/supports-color/download/supports-color-6.0.0.tgz",
          "bundled": true
        },
        "which": {
          "version": "https://registry.npm.taobao.org/which/download/which-1.3.1.tgz",
          "bundled": true,
          "dependencies": {
            "isexe": {
              "version": "https://registry.npm.taobao.org/isexe/download/isexe-2.0.0.tgz",
              "bundled": true
            }
          }
        },
        "wide-align": {
          "version": "https://registry.npm.taobao.org/wide-align/download/wide-align-1.1.3.tgz",
          "bundled": true,
          "dependencies": {
            "string-width": {
              "version": "https://registry.npm.taobao.org/string-width/download/string-width-2.1.1.tgz",
              "bundled": true,
              "dependencies": {
                "is-fullwidth-code-point": {
                  "version": "https://registry.npm.taobao.org/is-fullwidth-code-point/download/is-fullwidth-code-point-2.0.0.tgz"
                },
                "strip-ansi": {
                  "version": "https://registry.npm.taobao.org/strip-ansi/download/strip-ansi-4.0.0.tgz"
                }
              }
            }
          }
        },
        "yargs": {
          "version": "https://registry.npm.taobao.org/yargs/download/yargs-13.2.2.tgz",
          "bundled": true
        },
        "yargs-parser": {
          "version": "https://registry.npm.taobao.org/yargs-parser/download/yargs-parser-13.0.0.tgz",
          "bundled": true
        },
        "yargs-unparser": {
          "version": "https://registry.npm.taobao.org/yargs-unparser/download/yargs-unparser-1.5.0.tgz?cache=0&sync_timestamp=1564464725506&other_urls=https%3A%2F%2Fregistry.npm.taobao.org%2Fyargs-unparser%2Fdownload%2Fyargs-unparser-1.5.0.tgz",
          "bundled": true
        }
      }
    },
    "mochawesome": {
      "version": "4.1.0",
      "resolved": "https://registry.npmjs.org/mochawesome/-/mochawesome-4.1.0.tgz",
      "integrity": "sha512-U23K19mLqmuBqFyIBl7FVkcIuG/2JYStCj+91WmxK1/psLgHlWBEZsNe25U0x4t1Eqgu55aHv+0utLwzfhnupw==",
      "requires": {
        "chalk": "^2.4.1",
        "diff": "^4.0.1",
        "json-stringify-safe": "^5.0.1",
        "lodash.isempty": "^4.4.0",
        "lodash.isfunction": "^3.0.9",
        "lodash.isobject": "^3.0.2",
        "lodash.isstring": "^4.0.1",
        "mochawesome-report-generator": "^4.0.0",
        "strip-ansi": "^5.0.0",
        "uuid": "^3.3.2"
      },
      "dependencies": {
        "ansi-regex": {
          "version": "3.0.0",
          "resolved": "https://registry.npmjs.org/ansi-regex/-/ansi-regex-3.0.0.tgz",
          "integrity": "sha1-7QMXwyIGT3lGbAKWa922Bas32Zg="
        },
        "cliui": {
          "version": "4.1.0",
          "resolved": "https://registry.npmjs.org/cliui/-/cliui-4.1.0.tgz",
          "integrity": "sha512-4FG+RSG9DL7uEwRUZXZn3SS34DiDPfzP0VOiEwtUWlE+AR2EIg+hSyvrIgUUfhdgR/UkAeW2QHgeP+hWrXs7jQ==",
          "requires": {
            "string-width": "^2.1.1",
            "strip-ansi": "^4.0.0",
            "wrap-ansi": "^2.0.0"
          },
          "dependencies": {
            "string-width": {
              "version": "2.1.1",
              "resolved": "https://registry.npmjs.org/string-width/-/string-width-2.1.1.tgz",
              "integrity": "sha512-nOqH59deCq9SRHlxq1Aw85Jnt4w6KvLKqWVik6oA9ZklXLNIOlqg4F2yrT1MVaTjAqvVwdfeZ7w7aCvJD7ugkw==",
              "requires": {
                "is-fullwidth-code-point": "^2.0.0",
                "strip-ansi": "^4.0.0"
              }
            },
            "strip-ansi": {
              "version": "4.0.0",
              "resolved": "https://registry.npmjs.org/strip-ansi/-/strip-ansi-4.0.0.tgz",
              "integrity": "sha1-qEeQIusaw2iocTibY1JixQXuNo8=",
              "requires": {
                "ansi-regex": "^3.0.0"
              }
            }
          }
        },
        "code-point-at": {
          "version": "1.1.0",
          "resolved": "https://registry.npmjs.org/code-point-at/-/code-point-at-1.1.0.tgz",
          "integrity": "sha1-DQcLTQQ6W+ozovGkDi7bPZpMz3c="
        },
        "dateformat": {
          "version": "3.0.3",
          "resolved": "https://registry.npmjs.org/dateformat/-/dateformat-3.0.3.tgz",
          "integrity": "sha512-jyCETtSl3VMZMWeRo7iY1FL19ges1t55hMo5yaam4Jrsm5EPL89UQkoQRyiI+Yf4k8r2ZpdngkV8hr1lIdjb3Q=="
        },
        "decamelize": {
          "version": "1.2.0",
          "resolved": "https://registry.npmjs.org/decamelize/-/decamelize-1.2.0.tgz",
          "integrity": "sha1-9lNNFRSCabIDUue+4m9QH5oZEpA="
        },
        "emoji-regex": {
          "version": "7.0.3",
          "resolved": "https://registry.npmjs.org/emoji-regex/-/emoji-regex-7.0.3.tgz",
          "integrity": "sha512-CwBLREIQ7LvYFB0WyRvwhq5N5qPhc6PMjD6bYggFlI5YyDgl+0vxq5VHbMOFqLg7hfWzmu8T5Z1QofhmTIhItA=="
        },
        "find-up": {
          "version": "3.0.0",
          "resolved": "https://registry.npmjs.org/find-up/-/find-up-3.0.0.tgz",
          "integrity": "sha512-1yD6RmLI1XBfxugvORwlck6f75tYL+iR0jqwsOrOxMZyGYqUuDhJ0l4AXdO1iX/FTs9cBAMEk1gWSEx1kSbylg==",
          "requires": {
            "locate-path": "^3.0.0"
          }
        },
        "fs-extra": {
          "version": "7.0.1",
          "resolved": "https://registry.npmjs.org/fs-extra/-/fs-extra-7.0.1.tgz",
          "integrity": "sha512-YJDaCJZEnBmcbw13fvdAM9AwNOJwOzrE4pqMqBq5nFiEqXUqHwlK4B+3pUw6JNvfSPtX05xFHtYy/1ni01eGCw==",
          "requires": {
            "graceful-fs": "^4.1.2",
            "jsonfile": "^4.0.0",
            "universalify": "^0.1.0"
          }
        },
        "fsu": {
          "version": "1.1.1",
          "resolved": "https://registry.npmjs.org/fsu/-/fsu-1.1.1.tgz",
          "integrity": "sha512-xQVsnjJ/5pQtcKh+KjUoZGzVWn4uNkchxTF6Lwjr4Gf7nQr8fmUfhKJ62zE77+xQg9xnxi5KUps7XGs+VC986A=="
        },
        "get-caller-file": {
          "version": "2.0.5",
          "resolved": "https://registry.npmjs.org/get-caller-file/-/get-caller-file-2.0.5.tgz",
          "integrity": "sha512-DyFP3BM/3YHTQOCUL/w0OZHR0lpKeGrxotcHWcqNEdnltqFwXVfhEBQ94eIo34AfQpo0rGki4cyIiftY06h2Fg=="
        },
        "json-stringify-safe": {
          "version": "5.0.1",
          "resolved": "https://registry.npmjs.org/json-stringify-safe/-/json-stringify-safe-5.0.1.tgz",
          "integrity": "sha1-Epai1Y/UXxmg9s4B1lcB4sc1tus="
        },
        "locate-path": {
          "version": "3.0.0",
          "resolved": "https://registry.npmjs.org/locate-path/-/locate-path-3.0.0.tgz",
          "integrity": "sha512-7AO748wWnIhNqAuaty2ZWHkQHRSNfPVIsPIfwEOWO22AmaoVrWavlOcMR5nzTLNYvp36X220/maaRsrec1G65A==",
          "requires": {
            "p-locate": "^3.0.0"
          }
        },
        "lodash.isfunction": {
          "version": "3.0.9",
          "resolved": "https://registry.npmjs.org/lodash.isfunction/-/lodash.isfunction-3.0.9.tgz",
          "integrity": "sha512-AirXNj15uRIMMPihnkInB4i3NHeb4iBtNg9WRWuK2o31S+ePwwNmDPaTL3o7dTJ+VXNZim7rFs4rxN4YU1oUJw=="
        },
        "lodash.isstring": {
          "version": "4.0.1",
          "resolved": "https://registry.npmjs.org/lodash.isstring/-/lodash.isstring-4.0.1.tgz",
          "integrity": "sha1-1SfftUVuynzJu5XV2ur4i6VKVFE="
        },
        "mem": {
          "version": "4.3.0",
          "resolved": "https://registry.npmjs.org/mem/-/mem-4.3.0.tgz",
          "integrity": "sha512-qX2bG48pTqYRVmDB37rn/6PT7LcR8T7oAX3bf99u1Tt1nzxYfxkgqDwUwolPlXweM0XzBOBFzSx4kfp7KP1s/w==",
          "requires": {
            "map-age-cleaner": "^0.1.1",
            "mimic-fn": "^2.0.0",
            "p-is-promise": "^2.0.0"
          }
        },
        "mochawesome-report-generator": {
          "version": "4.0.1",
          "resolved": "https://registry.npmjs.org/mochawesome-report-generator/-/mochawesome-report-generator-4.0.1.tgz",
          "integrity": "sha512-hQbmQt8/yCT68GjrQFat+Diqeuka3haNllexYfja1+y0hpwi3yCJwFpQCdWK9ezzcXL3Nu80f2I6SZeyspwsqg==",
          "requires": {
            "chalk": "^2.4.2",
            "dateformat": "^3.0.2",
            "fs-extra": "^7.0.0",
            "fsu": "^1.0.2",
            "lodash.isfunction": "^3.0.8",
            "opener": "^1.4.2",
            "prop-types": "^15.7.2",
            "react": "^16.8.5",
            "react-dom": "^16.8.5",
            "tcomb": "^3.2.17",
            "tcomb-validation": "^3.3.0",
            "validator": "^10.11.0",
            "yargs": "^13.2.2"
          }
        },
        "os-locale": {
          "version": "3.1.0",
          "resolved": "https://registry.npmjs.org/os-locale/-/os-locale-3.1.0.tgz",
          "integrity": "sha512-Z8l3R4wYWM40/52Z+S265okfFj8Kt2cC2MKY+xNi3kFs+XGI7WXu/I309QQQYbRW4ijiZ+yxs9pqEhJh0DqW3Q==",
          "requires": {
            "execa": "^1.0.0",
            "lcid": "^2.0.0",
            "mem": "^4.0.0"
          }
        },
        "p-is-promise": {
          "version": "2.1.0",
          "resolved": "https://registry.npmjs.org/p-is-promise/-/p-is-promise-2.1.0.tgz",
          "integrity": "sha512-Y3W0wlRPK8ZMRbNq97l4M5otioeA5lm1z7bkNkxCka8HSPjR0xRWmpCmc9utiaLP9Jb1eD8BgeIxTW4AIF45Pg=="
        },
        "p-locate": {
          "version": "3.0.0",
          "resolved": "https://registry.npmjs.org/p-locate/-/p-locate-3.0.0.tgz",
          "integrity": "sha512-x+12w/To+4GFfgJhBEpiDcLozRJGegY+Ei7/z0tSLkMmxGZNybVMSfWj9aJn8Z5Fc7dBUNJOOVgPv2H7IwulSQ==",
          "requires": {
            "p-limit": "^2.0.0"
          }
        },
        "react-dom": {
          "version": "16.9.0",
          "resolved": "https://registry.npmjs.org/react-dom/-/react-dom-16.9.0.tgz",
          "integrity": "sha512-YFT2rxO9hM70ewk9jq0y6sQk8cL02xm4+IzYBz75CQGlClQQ1Bxq0nhHF6OtSbit+AIahujJgb/CPRibFkMNJQ==",
          "requires": {
            "loose-envify": "^1.1.0",
            "object-assign": "^4.1.1",
            "prop-types": "^15.6.2",
            "scheduler": "^0.15.0"
          }
        },
        "require-directory": {
          "version": "2.1.1",
          "resolved": "https://registry.npmjs.org/require-directory/-/require-directory-2.1.1.tgz",
          "integrity": "sha1-jGStX9MNqxyXbiNE/+f3kqam30I="
        },
        "string-width": {
          "version": "3.1.0",
          "resolved": "https://registry.npmjs.org/string-width/-/string-width-3.1.0.tgz",
          "integrity": "sha512-vafcv6KjVZKSgz06oM/H6GDBrAtz8vdhQakGjFIvNrHA6y3HCF1CInLy+QLq8dTJPQ1b+KDUqDFctkdRW44e1w==",
          "requires": {
            "emoji-regex": "^7.0.1",
            "is-fullwidth-code-point": "^2.0.0",
            "strip-ansi": "^5.1.0"
          }
        },
        "strip-ansi": {
          "version": "5.2.0",
          "resolved": "https://registry.npmjs.org/strip-ansi/-/strip-ansi-5.2.0.tgz",
          "integrity": "sha512-DuRs1gKbBqsMKIZlrffwlug8MHkcnpjs5VPmL1PAh+mA30U0DTotfDZ0d2UUsXpPmPmMMJ6W773MaA3J+lbiWA==",
          "requires": {
            "ansi-regex": "^4.1.0"
          },
          "dependencies": {
            "ansi-regex": {
              "version": "4.1.0",
              "resolved": "https://registry.npmjs.org/ansi-regex/-/ansi-regex-4.1.0.tgz",
              "integrity": "sha512-1apePfXM1UOSqw0o9IiFAovVz9M5S1Dg+4TrDwfMewQ6p/rmMueb7tWZjQ1rx4Loy1ArBggoqGpfqqdI4rondg=="
            }
          }
        },
        "tcomb": {
          "version": "3.2.29",
          "resolved": "https://registry.npmjs.org/tcomb/-/tcomb-3.2.29.tgz",
          "integrity": "sha512-di2Hd1DB2Zfw6StGv861JoAF5h/uQVu/QJp2g8KVbtfKnoHdBQl5M32YWq6mnSYBQ1vFFrns5B1haWJL7rKaOQ=="
        },
        "tcomb-validation": {
          "version": "3.4.1",
          "resolved": "https://registry.npmjs.org/tcomb-validation/-/tcomb-validation-3.4.1.tgz",
          "integrity": "sha512-urVVMQOma4RXwiVCa2nM2eqrAomHROHvWPuj6UkDGz/eb5kcy0x6P0dVt6kzpUZtYMNoAqJLWmz1BPtxrtjtrA==",
          "requires": {
            "tcomb": "^3.0.0"
          }
        },
        "uuid": {
          "version": "3.3.2",
          "resolved": "https://registry.npmjs.org/uuid/-/uuid-3.3.2.tgz",
          "integrity": "sha512-yXJmeNaw3DnnKAOKJE51sL/ZaYfWJRl1pK9dr19YFCu0ObS231AB1/LbqTKRAQ5kw8A90rA6fr4riOUpTZvQZA=="
        },
        "validator": {
          "version": "10.11.0",
          "resolved": "https://registry.npmjs.org/validator/-/validator-10.11.0.tgz",
          "integrity": "sha512-X/p3UZerAIsbBfN/IwahhYaBbY68EN/UQBWHtsbXGT5bfrH/p4NQzUCG1kF/rtKaNpnJ7jAu6NGTdSNtyNIXMw=="
        },
        "which-module": {
          "version": "2.0.0",
          "resolved": "https://registry.npmjs.org/which-module/-/which-module-2.0.0.tgz",
          "integrity": "sha1-2e8H3Od7mQK4o6j6SzHD4/fm6Ho="
        },
        "wrap-ansi": {
          "version": "2.1.0",
          "resolved": "https://registry.npmjs.org/wrap-ansi/-/wrap-ansi-2.1.0.tgz",
          "integrity": "sha1-2Pw9KE3QV5T+hJc8rs3Rz4JP3YU=",
          "requires": {
            "string-width": "^1.0.1",
            "strip-ansi": "^3.0.1"
          },
          "dependencies": {
            "ansi-regex": {
              "version": "2.1.1",
              "resolved": "https://registry.npmjs.org/ansi-regex/-/ansi-regex-2.1.1.tgz",
              "integrity": "sha1-w7M6te42DYbg5ijwRorn7yfWVN8="
            },
            "is-fullwidth-code-point": {
              "version": "1.0.0",
              "resolved": "https://registry.npmjs.org/is-fullwidth-code-point/-/is-fullwidth-code-point-1.0.0.tgz",
              "integrity": "sha1-754xOG8DGn8NZDr4L95QxFfvAMs=",
              "requires": {
                "number-is-nan": "^1.0.0"
              }
            },
            "string-width": {
              "version": "1.0.2",
              "resolved": "https://registry.npmjs.org/string-width/-/string-width-1.0.2.tgz",
              "integrity": "sha1-EYvfW4zcUaKn5w0hHgfisLmxB9M=",
              "requires": {
                "code-point-at": "^1.0.0",
                "is-fullwidth-code-point": "^1.0.0",
                "strip-ansi": "^3.0.0"
              }
            },
            "strip-ansi": {
              "version": "3.0.1",
              "resolved": "https://registry.npmjs.org/strip-ansi/-/strip-ansi-3.0.1.tgz",
              "integrity": "sha1-ajhfuIU9lS1f8F0Oiq+UJ43GPc8=",
              "requires": {
                "ansi-regex": "^2.0.0"
              }
            }
          }
        },
        "y18n": {
          "version": "4.0.0",
          "resolved": "https://registry.npmjs.org/y18n/-/y18n-4.0.0.tgz",
          "integrity": "sha512-r9S/ZyXu/Xu9q1tYlpsLIsa3EeLXXk0VwlxqTcFRfg9EhMW+17kbt9G0NrgCmhGb5vT2hyhJZLfDGx+7+5Uj/w=="
        },
        "yargs": {
          "version": "13.2.2",
          "resolved": "https://registry.npmjs.org/yargs/-/yargs-13.2.2.tgz",
          "integrity": "sha512-WyEoxgyTD3w5XRpAQNYUB9ycVH/PQrToaTXdYXRdOXvEy1l19br+VJsc0vcO8PTGg5ro/l/GY7F/JMEBmI0BxA==",
          "requires": {
            "cliui": "^4.0.0",
            "find-up": "^3.0.0",
            "get-caller-file": "^2.0.1",
            "os-locale": "^3.1.0",
            "require-directory": "^2.1.1",
            "set-blocking": "^2.0.0",
            "string-width": "^3.0.0",
            "which-module": "^2.0.0",
            "y18n": "^4.0.0",
            "yargs-parser": "^13.0.0"
          }
        },
        "yargs-parser": {
          "version": "13.0.0",
          "resolved": "https://registry.npmjs.org/yargs-parser/-/yargs-parser-13.0.0.tgz",
          "integrity": "sha512-w2LXjoL8oRdRQN+hOyppuXs+V/fVAYtpcrRxZuF7Kt/Oc+Jr2uAcVntaUTNT6w5ihoWfFDpNY8CPx1QskxZ/pw==",
          "requires": {
            "decamelize": "^1.2.0"
          }
        }
      }
    },
    "nightmare": {
      "version": "3.0.2",
      "resolved": "https://registry.npm.taobao.org/nightmare/download/nightmare-3.0.2.tgz",
      "dependencies": {
        "debug": {
          "version": "https://registry.npm.taobao.org/debug/download/debug-2.6.9.tgz",
          "bundled": true,
          "dependencies": {
            "ms": {
              "version": "https://registry.npm.taobao.org/ms/download/ms-2.0.0.tgz"
            }
          }
        },
        "deep-defaults": {
          "version": "https://registry.npm.taobao.org/deep-defaults/download/deep-defaults-1.0.5.tgz",
          "bundled": true
        },
        "defaults": {
          "version": "https://registry.npm.taobao.org/defaults/download/defaults-1.0.3.tgz",
          "bundled": true
        },
        "electron": {
          "version": "https://registry.npm.taobao.org/electron/download/electron-2.0.18.tgz",
          "bundled": true
        },
        "enqueue": {
          "version": "https://registry.npm.taobao.org/enqueue/download/enqueue-1.0.2.tgz",
          "bundled": true
        },
        "function-source": {
          "version": "https://registry.npm.taobao.org/function-source/download/function-source-0.1.0.tgz",
          "bundled": true
        },
        "jsesc": {
          "version": "https://registry.npm.taobao.org/jsesc/download/jsesc-0.5.0.tgz",
          "bundled": true
        },
        "minstache": {
          "version": "https://registry.npm.taobao.org/minstache/download/minstache-1.2.0.tgz",
          "bundled": true
        },
        "mkdirp": {
          "version": "https://registry.npm.taobao.org/mkdirp/download/mkdirp-0.5.1.tgz",
          "bundled": true,
          "dependencies": {
            "minimist": {
              "version": "https://registry.npm.taobao.org/minimist/download/minimist-0.0.8.tgz"
            }
          }
        },
        "multiline": {
          "version": "https://registry.npm.taobao.org/multiline/download/multiline-1.0.2.tgz",
          "bundled": true
        },
        "once": {
          "version": "https://registry.npm.taobao.org/once/download/once-1.4.0.tgz",
          "bundled": true,
          "dependencies": {
            "wrappy": {
              "version": "https://registry.npm.taobao.org/wrappy/download/wrappy-1.0.2.tgz"
            }
          }
        },
        "rimraf": {
          "version": "https://registry.npm.taobao.org/rimraf/download/rimraf-2.7.1.tgz",
          "bundled": true,
          "dependencies": {
            "glob": {
              "version": "https://registry.npm.taobao.org/glob/download/glob-7.1.4.tgz"
            }
          }
        },
        "sliced": {
          "version": "https://registry.npm.taobao.org/sliced/download/sliced-1.0.1.tgz",
          "bundled": true
        },
        "split2": {
          "version": "https://registry.npm.taobao.org/split2/download/split2-2.2.0.tgz",
          "bundled": true,
          "dependencies": {
            "through2": {
              "version": "https://registry.npm.taobao.org/through2/download/through2-2.0.5.tgz",
              "bundled": true
            }
          }
        }
      }
    },
    "number-is-nan": {
      "version": "1.0.1",
      "resolved": "https://registry.npm.taobao.org/number-is-nan/download/number-is-nan-1.0.1.tgz"
    },
    "object-assign": {
      "version": "4.1.1",
      "resolved": "https://registry.npm.taobao.org/object-assign/download/object-assign-4.1.1.tgz"
    },
    "opener": {
      "version": "1.5.1",
      "resolved": "https://registry.npm.taobao.org/opener/download/opener-1.5.1.tgz"
    },
    "p-limit": {
      "version": "2.2.0",
      "resolved": "https://registry.npm.taobao.org/p-limit/download/p-limit-2.2.0.tgz",
      "dependencies": {
        "p-try": {
          "version": "https://registry.npm.taobao.org/p-try/download/p-try-2.2.0.tgz",
          "bundled": true
        }
      }
    },
    "prop-types": {
      "version": "15.7.2",
      "resolved": "https://registry.npm.taobao.org/prop-types/download/prop-types-15.7.2.tgz",
      "requires": {
        "loose-envify": "^1.4.0",
        "object-assign": "^4.1.1"
      },
      "dependencies": {
        "loose-envify": {
          "version": "https://registry.npm.taobao.org/loose-envify/download/loose-envify-1.4.0.tgz",
          "bundled": true
        },
        "object-assign": {
          "version": "https://registry.npm.taobao.org/object-assign/download/object-assign-4.1.1.tgz",
          "bundled": true
        },
        "react-is": {
          "version": "https://registry.npm.taobao.org/react-is/download/react-is-16.9.0.tgz",
          "bundled": true
        }
      }
    },
    "react": {
      "version": "16.9.0",
      "resolved": "https://registry.npm.taobao.org/react/download/react-16.9.0.tgz",
      "requires": {
        "loose-envify": "^1.1.0",
        "object-assign": "^4.1.1",
        "prop-types": "^15.6.2"
      },
      "dependencies": {
        "loose-envify": {
          "version": "https://registry.npm.taobao.org/loose-envify/download/loose-envify-1.4.0.tgz",
          "bundled": true,
          "dependencies": {
            "js-tokens": {
              "version": "https://registry.npm.taobao.org/js-tokens/download/js-tokens-4.0.0.tgz",
              "bundled": true
            }
          }
        },
        "object-assign": {
          "version": "https://registry.npm.taobao.org/object-assign/download/object-assign-4.1.1.tgz",
          "bundled": true
        },
        "prop-types": {
          "version": "https://registry.npm.taobao.org/prop-types/download/prop-types-15.7.2.tgz",
          "bundled": true,
          "dependencies": {
            "loose-envify": {
              "version": "https://registry.npm.taobao.org/loose-envify/download/loose-envify-1.4.0.tgz",
              "bundled": true
            },
            "object-assign": {
              "version": "https://registry.npm.taobao.org/object-assign/download/object-assign-4.1.1.tgz",
              "bundled": true
            },
            "react-is": {
              "version": "https://registry.npm.taobao.org/react-is/download/react-is-16.9.0.tgz",
              "bundled": true
            }
          }
        }
      }
    },
    "scheduler": {
      "version": "0.15.0",
      "resolved": "https://registry.npm.taobao.org/scheduler/download/scheduler-0.15.0.tgz?cache=0&sync_timestamp=1565317903688&other_urls=https%3A%2F%2Fregistry.npm.taobao.org%2Fscheduler%2Fdownload%2Fscheduler-0.15.0.tgz",
      "requires": {
        "loose-envify": "^1.1.0",
        "object-assign": "^4.1.1"
      },
      "dependencies": {
        "loose-envify": {
          "version": "https://registry.npm.taobao.org/loose-envify/download/loose-envify-1.4.0.tgz",
          "bundled": true,
          "dependencies": {
            "js-tokens": {
              "version": "https://registry.npm.taobao.org/js-tokens/download/js-tokens-4.0.0.tgz",
              "bundled": true
            }
          }
        },
        "object-assign": {
          "version": "https://registry.npm.taobao.org/object-assign/download/object-assign-4.1.1.tgz",
          "bundled": true
        }
      }
    },
    "set-blocking": {
      "version": "2.0.0",
      "resolved": "https://registry.npm.taobao.org/set-blocking/download/set-blocking-2.0.0.tgz"
    },
    "universalify": {
      "version": "0.1.2",
      "resolved": "https://registry.npm.taobao.org/universalify/download/universalify-0.1.2.tgz"
    }
  }
}
